
Microsoft Visual Studio Solution File, Format Version 12.00
# Visual Studio 15
VisualStudioVersion = 15.0.27428.2037
MinimumVisualStudioVersion = 10.0.40219.1
Project("{FAE04EC0-301F-11D3-BF4B-00C04F79EFBC}") = "LengaburuTraffic", "LengaburuTraffic\LengaburuTraffic.csproj", "{0ECAB355-947C-4D46-A1CD-0ECEEEEDAB4B}"
EndProject
Project("{FAE04EC0-301F-11D3-BF4B-00C04F79EFBC}") = "Lengaburu.Test", "Lengaburu.Test\Lengaburu.Test.csproj", "{1B99B369-A4F0-48FC-99F1-7B6C8855124B}"
EndProject
Global
	GlobalSection(SolutionConfigurationPlatforms) = preSolution
		Debug|Any CPU = Debug|Any CPU
		Release|Any CPU = Release|Any CPU
	EndGlobalSection
	GlobalSection(ProjectConfigurationPlatforms) = postSolution
		{0ECAB355-947C-4D46-A1CD-0ECEEEEDAB4B}.Debug|Any CPU.ActiveCfg = Debug|Any CPU
		{0ECAB355-947C-4D46-A1CD-0ECEEEEDAB4B}.Debug|Any CPU.Build.0 = Debug|Any CPU
		{0ECAB355-947C-4D46-A1CD-0ECEEEEDAB4B}.Release|Any CPU.ActiveCfg = Release|Any CPU
		{0ECAB355-947C-4D46-A1CD-0ECEEEEDAB4B}.Release|Any CPU.Build.0 = Release|Any CPU
		{1B99B369-A4F0-48FC-99F1-7B6C8855124B}.Debug|Any CPU.ActiveCfg = Debug|Any CPU
		{1B99B369-A4F0-48FC-99F1-7B6C8855124B}.Debug|Any CPU.Build.0 = Debug|Any CPU
		{1B99B369-A4F0-48FC-99F1-7B6C8855124B}.Release|Any CPU.ActiveCfg = Release|Any CPU
		{1B99B369-A4F0-48FC-99F1-7B6C8855124B}.Release|Any CPU.Build.0 = Release|Any CPU
	EndGlobalSection
	GlobalSection(SolutionProperties) = preSolution
		HideSolutionNode = FALSE
	EndGlobalSection
	GlobalSection(ExtensibilityGlobals) = postSolution
		SolutionGuid = {02E5AC92-49F6-4D50-AFEB-1909C58CAB22}
	EndGlobalSection
EndGlobal
